// !$*UTF8*$!
{
	archiveVersion = 1;
	classes = {
	};
	objectVersion = 46;
	objects = {

/* Begin PBXBuildFile section */
		A59CA9D4CF68CF370CF30C12 /* libPods.a in Frameworks */ = {isa = PBXBuildFile; fileRef = D6817DFD0D4FE5D283458D75 /* libPods.a */; };
		F305B2D81AE7F19400ED7F73 /* QFExperience.swift in Sources */ = {isa = PBXBuildFile; fileRef = F305B2D71AE7F19400ED7F73 /* QFExperience.swift */; };
		F305B2DA1AE7F32800ED7F73 /* QFExperience.plist in Resources */ = {isa = PBXBuildFile; fileRef = F305B2D91AE7F32800ED7F73 /* QFExperience.plist */; };
		F305B2DC1AE7F5EF00ED7F73 /* QFExperienceManager.swift in Sources */ = {isa = PBXBuildFile; fileRef = F305B2DB1AE7F5EF00ED7F73 /* QFExperienceManager.swift */; };
		F305B2DE1AE7FD0200ED7F73 /* QFEexperienceTableViewCell.swift in Sources */ = {isa = PBXBuildFile; fileRef = F305B2DD1AE7FD0200ED7F73 /* QFEexperienceTableViewCell.swift */; };
		F305B2E41AE805E600ED7F73 /* CALayer+XibConfig.swift in Sources */ = {isa = PBXBuildFile; fileRef = F305B2E31AE805E600ED7F73 /* CALayer+XibConfig.swift */; };
		F305B2E61AE8979800ED7F73 /* QFTimeNodeLine.swift in Sources */ = {isa = PBXBuildFile; fileRef = F305B2E51AE8979800ED7F73 /* QFTimeNodeLine.swift */; };
		F305B2E81AE8F10F00ED7F73 /* UIDevice+ModelName.swift in Sources */ = {isa = PBXBuildFile; fileRef = F305B2E71AE8F10F00ED7F73 /* UIDevice+ModelName.swift */; };
		F305B2EB1AE905D800ED7F73 /* QFPieChart.swift in Sources */ = {isa = PBXBuildFile; fileRef = F305B2EA1AE905D800ED7F73 /* QFPieChart.swift */; };
		F36BBF141AE621AD00257658 /* Array+Ext.swift in Sources */ = {isa = PBXBuildFile; fileRef = F36BBF131AE621AD00257658 /* Array+Ext.swift */; };
		F36BBF161AE6245600257658 /* QFProjectViewController.swift in Sources */ = {isa = PBXBuildFile; fileRef = F36BBF151AE6245600257658 /* QFProjectViewController.swift */; };
		F36BBF181AE6369900257658 /* QFDashboardPushAnimator.swift in Sources */ = {isa = PBXBuildFile; fileRef = F36BBF171AE6369900257658 /* QFDashboardPushAnimator.swift */; };
		F36BBF1A1AE63EB400257658 /* QFSkillViewController.swift in Sources */ = {isa = PBXBuildFile; fileRef = F36BBF191AE63EB400257658 /* QFSkillViewController.swift */; };
		F36BBF1C1AE63F4A00257658 /* QFExperienceViewController.swift in Sources */ = {isa = PBXBuildFile; fileRef = F36BBF1B1AE63F4A00257658 /* QFExperienceViewController.swift */; };
		F36BBF1E1AE63FB200257658 /* QFPersonalViewController.swift in Sources */ = {isa = PBXBuildFile; fileRef = F36BBF1D1AE63FB200257658 /* QFPersonalViewController.swift */; };
		F36BBF201AE642C700257658 /* QFDashboardPopAnimator.swift in Sources */ = {isa = PBXBuildFile; fileRef = F36BBF1F1AE642C700257658 /* QFDashboardPopAnimator.swift */; };
		F36C6E7E1AE93EB9004A8F43 /* QFSkillButton.swift in Sources */ = {isa = PBXBuildFile; fileRef = F36C6E7D1AE93EB9004A8F43 /* QFSkillButton.swift */; };
		F38BD93F1AEA477000D47D5A /* photo0.jpg in Resources */ = {isa = PBXBuildFile; fileRef = F38BD93B1AEA477000D47D5A /* photo0.jpg */; };
		F38BD9401AEA477000D47D5A /* photo1.jpg in Resources */ = {isa = PBXBuildFile; fileRef = F38BD93C1AEA477000D47D5A /* photo1.jpg */; };
		F38BD9411AEA477000D47D5A /* photo2.jpg in Resources */ = {isa = PBXBuildFile; fileRef = F38BD93D1AEA477000D47D5A /* photo2.jpg */; };
		F38BD9421AEA477000D47D5A /* photo3.jpg in Resources */ = {isa = PBXBuildFile; fileRef = F38BD93E1AEA477000D47D5A /* photo3.jpg */; };
		F399D4C41AE5595C009A8507 /* AppDelegate.swift in Sources */ = {isa = PBXBuildFile; fileRef = F399D4C31AE5595C009A8507 /* AppDelegate.swift */; };
		F399D4C91AE5595C009A8507 /* Main.storyboard in Resources */ = {isa = PBXBuildFile; fileRef = F399D4C71AE5595C009A8507 /* Main.storyboard */; };
		F399D4CB1AE5595C009A8507 /* Images.xcassets in Resources */ = {isa = PBXBuildFile; fileRef = F399D4CA1AE5595C009A8507 /* Images.xcassets */; };
		F399D4DA1AE5595C009A8507 /* QiuFengTests.swift in Sources */ = {isa = PBXBuildFile; fileRef = F399D4D91AE5595C009A8507 /* QiuFengTests.swift */; };
		F399D4EA1AE5F2C5009A8507 /* QFDashboardViewController.swift in Sources */ = {isa = PBXBuildFile; fileRef = F399D4E91AE5F2C5009A8507 /* QFDashboardViewController.swift */; };
		F3D75F9A1AE6095A00F5A66B /* UIColor+Ext.swift in Sources */ = {isa = PBXBuildFile; fileRef = F3D75F991AE6095A00F5A66B /* UIColor+Ext.swift */; };
/* End PBXBuildFile section */

/* Begin PBXContainerItemProxy section */
		F399D4D41AE5595C009A8507 /* PBXContainerItemProxy */ = {
			isa = PBXContainerItemProxy;
			containerPortal = F399D4B61AE5595C009A8507 /* Project object */;
			proxyType = 1;
			remoteGlobalIDString = F399D4BD1AE5595C009A8507;
			remoteInfo = QiuFeng;
		};
/* End PBXContainerItemProxy section */

/* Begin PBXFileReference section */
		AB617EDBF0D47A077333D641 /* Pods.debug.xcconfig */ = {isa = PBXFileReference; includeInIndex = 1; lastKnownFileType = text.xcconfig; name = Pods.debug.xcconfig; path = "Pods/Target Support Files/Pods/Pods.debug.xcconfig"; sourceTree = "<group>"; };
		B25E6E0EC6862D0B70F83EBC /* Pods.release.xcconfig */ = {isa = PBXFileReference; includeInIndex = 1; lastKnownFileType = text.xcconfig; name = Pods.release.xcconfig; path = "Pods/Target Support Files/Pods/Pods.release.xcconfig"; sourceTree = "<group>"; };
		D6817DFD0D4FE5D283458D75 /* libPods.a */ = {isa = PBXFileReference; explicitFileType = archive.ar; includeInIndex = 0; path = libPods.a; sourceTree = BUILT_PRODUCTS_DIR; };
		F305B2D71AE7F19400ED7F73 /* QFExperience.swift */ = {isa = PBXFileReference; fileEncoding = 4; lastKnownFileType = sourcecode.swift; path = QFExperience.swift; sourceTree = "<group>"; };
		F305B2D91AE7F32800ED7F73 /* QFExperience.plist */ = {isa = PBXFileReference; fileEncoding = 4; lastKnownFileType = text.plist.xml; path = QFExperience.plist; sourceTree = "<group>"; };
		F305B2DB1AE7F5EF00ED7F73 /* QFExperienceManager.swift */ = {isa = PBXFileReference; fileEncoding = 4; lastKnownFileType = sourcecode.swift; path = QFExperienceManager.swift; sourceTree = "<group>"; };
		F305B2DD1AE7FD0200ED7F73 /* QFEexperienceTableViewCell.swift */ = {isa = PBXFileReference; fileEncoding = 4; lastKnownFileType = sourcecode.swift; path = QFEexperienceTableViewCell.swift; sourceTree = "<group>"; };
		F305B2E31AE805E600ED7F73 /* CALayer+XibConfig.swift */ = {isa = PBXFileReference; fileEncoding = 4; lastKnownFileType = sourcecode.swift; path = "CALayer+XibConfig.swift"; sourceTree = "<group>"; };
		F305B2E51AE8979800ED7F73 /* QFTimeNodeLine.swift */ = {isa = PBXFileReference; fileEncoding = 4; lastKnownFileType = sourcecode.swift; path = QFTimeNodeLine.swift; sourceTree = "<group>"; };
		F305B2E71AE8F10F00ED7F73 /* UIDevice+ModelName.swift */ = {isa = PBXFileReference; fileEncoding = 4; lastKnownFileType = sourcecode.swift; path = "UIDevice+ModelName.swift"; sourceTree = "<group>"; };
		F305B2EA1AE905D800ED7F73 /* QFPieChart.swift */ = {isa = PBXFileReference; fileEncoding = 4; lastKnownFileType = sourcecode.swift; path = QFPieChart.swift; sourceTree = "<group>"; };
		F36BBF131AE621AD00257658 /* Array+Ext.swift */ = {isa = PBXFileReference; fileEncoding = 4; lastKnownFileType = sourcecode.swift; path = "Array+Ext.swift"; sourceTree = "<group>"; };
		F36BBF151AE6245600257658 /* QFProjectViewController.swift */ = {isa = PBXFileReference; fileEncoding = 4; lastKnownFileType = sourcecode.swift; path = QFProjectViewController.swift; sourceTree = "<group>"; };
		F36BBF171AE6369900257658 /* QFDashboardPushAnimator.swift */ = {isa = PBXFileReference; fileEncoding = 4; lastKnownFileType = sourcecode.swift; path = QFDashboardPushAnimator.swift; sourceTree = "<group>"; };
		F36BBF191AE63EB400257658 /* QFSkillViewController.swift */ = {isa = PBXFileReference; fileEncoding = 4; lastKnownFileType = sourcecode.swift; path = QFSkillViewController.swift; sourceTree = "<group>"; };
		F36BBF1B1AE63F4A00257658 /* QFExperienceViewController.swift */ = {isa = PBXFileReference; fileEncoding = 4; lastKnownFileType = sourcecode.swift; path = QFExperienceViewController.swift; sourceTree = "<group>"; };
		F36BBF1D1AE63FB200257658 /* QFPersonalViewController.swift */ = {isa = PBXFileReference; fileEncoding = 4; lastKnownFileType = sourcecode.swift; path = QFPersonalViewController.swift; sourceTree = "<group>"; };
		F36BBF1F1AE642C700257658 /* QFDashboardPopAnimator.swift */ = {isa = PBXFileReference; fileEncoding = 4; lastKnownFileType = sourcecode.swift; path = QFDashboardPopAnimator.swift; sourceTree = "<group>"; };
		F36C6E7D1AE93EB9004A8F43 /* QFSkillButton.swift */ = {isa = PBXFileReference; fileEncoding = 4; lastKnownFileType = sourcecode.swift; path = QFSkillButton.swift; sourceTree = "<group>"; };
		F38BD93B1AEA477000D47D5A /* photo0.jpg */ = {isa = PBXFileReference; lastKnownFileType = image.jpeg; path = photo0.jpg; sourceTree = "<group>"; };
		F38BD93C1AEA477000D47D5A /* photo1.jpg */ = {isa = PBXFileReference; lastKnownFileType = image.jpeg; path = photo1.jpg; sourceTree = "<group>"; };
		F38BD93D1AEA477000D47D5A /* photo2.jpg */ = {isa = PBXFileReference; lastKnownFileType = image.jpeg; path = photo2.jpg; sourceTree = "<group>"; };
		F38BD93E1AEA477000D47D5A /* photo3.jpg */ = {isa = PBXFileReference; lastKnownFileType = image.jpeg; path = photo3.jpg; sourceTree = "<group>"; };
		F399D4BE1AE5595C009A8507 /* QiuFeng.app */ = {isa = PBXFileReference; explicitFileType = wrapper.application; includeInIndex = 0; path = QiuFeng.app; sourceTree = BUILT_PRODUCTS_DIR; };
		F399D4C21AE5595C009A8507 /* Info.plist */ = {isa = PBXFileReference; lastKnownFileType = text.plist.xml; path = Info.plist; sourceTree = "<group>"; };
		F399D4C31AE5595C009A8507 /* AppDelegate.swift */ = {isa = PBXFileReference; lastKnownFileType = sourcecode.swift; path = AppDelegate.swift; sourceTree = "<group>"; };
		F399D4C81AE5595C009A8507 /* Base */ = {isa = PBXFileReference; lastKnownFileType = file.storyboard; name = Base; path = Base.lproj/Main.storyboard; sourceTree = "<group>"; };
		F399D4CA1AE5595C009A8507 /* Images.xcassets */ = {isa = PBXFileReference; lastKnownFileType = folder.assetcatalog; path = Images.xcassets; sourceTree = "<group>"; };
		F399D4D31AE5595C009A8507 /* QiuFengTests.xctest */ = {isa = PBXFileReference; explicitFileType = wrapper.cfbundle; includeInIndex = 0; path = QiuFengTests.xctest; sourceTree = BUILT_PRODUCTS_DIR; };
		F399D4D81AE5595C009A8507 /* Info.plist */ = {isa = PBXFileReference; lastKnownFileType = text.plist.xml; path = Info.plist; sourceTree = "<group>"; };
		F399D4D91AE5595C009A8507 /* QiuFengTests.swift */ = {isa = PBXFileReference; lastKnownFileType = sourcecode.swift; path = QiuFengTests.swift; sourceTree = "<group>"; };
		F399D4E51AE5F276009A8507 /* QiuFeng-Bridging-Header.h */ = {isa = PBXFileReference; lastKnownFileType = sourcecode.c.h; path = "QiuFeng-Bridging-Header.h"; sourceTree = "<group>"; };
		F399D4E91AE5F2C5009A8507 /* QFDashboardViewController.swift */ = {isa = PBXFileReference; fileEncoding = 4; lastKnownFileType = sourcecode.swift; path = QFDashboardViewController.swift; sourceTree = "<group>"; };
		F3D75F991AE6095A00F5A66B /* UIColor+Ext.swift */ = {isa = PBXFileReference; fileEncoding = 4; lastKnownFileType = sourcecode.swift; path = "UIColor+Ext.swift"; sourceTree = "<group>"; };
/* End PBXFileReference section */

/* Begin PBXFrameworksBuildPhase section */
		F399D4BB1AE5595C009A8507 /* Frameworks */ = {
			isa = PBXFrameworksBuildPhase;
			buildActionMask = 2147483647;
			files = (
				A59CA9D4CF68CF370CF30C12 /* libPods.a in Frameworks */,
			);
			runOnlyForDeploymentPostprocessing = 0;
		};
		F399D4D01AE5595C009A8507 /* Frameworks */ = {
			isa = PBXFrameworksBuildPhase;
			buildActionMask = 2147483647;
			files = (
			);
			runOnlyForDeploymentPostprocessing = 0;
		};
/* End PBXFrameworksBuildPhase section */

/* Begin PBXGroup section */
		90EF3FF7AFFF31569038587B /* Frameworks */ = {
			isa = PBXGroup;
			children = (
				D6817DFD0D4FE5D283458D75 /* libPods.a */,
			);
			name = Frameworks;
			sourceTree = "<group>";
		};
		CC8F09710C14A88803D58922 /* Pods */ = {
			isa = PBXGroup;
			children = (
				AB617EDBF0D47A077333D641 /* Pods.debug.xcconfig */,
				B25E6E0EC6862D0B70F83EBC /* Pods.release.xcconfig */,
			);
			name = Pods;
			sourceTree = "<group>";
		};
		F305B2D51AE7F16900ED7F73 /* Controller */ = {
			isa = PBXGroup;
			children = (
				F399D4E91AE5F2C5009A8507 /* QFDashboardViewController.swift */,
				F36BBF171AE6369900257658 /* QFDashboardPushAnimator.swift */,
				F36BBF1F1AE642C700257658 /* QFDashboardPopAnimator.swift */,
				F36BBF151AE6245600257658 /* QFProjectViewController.swift */,
				F36BBF191AE63EB400257658 /* QFSkillViewController.swift */,
				F36BBF1B1AE63F4A00257658 /* QFExperienceViewController.swift */,
				F36BBF1D1AE63FB200257658 /* QFPersonalViewController.swift */,
				F38BD93B1AEA477000D47D5A /* photo0.jpg */,
				F38BD93C1AEA477000D47D5A /* photo1.jpg */,
				F38BD93D1AEA477000D47D5A /* photo2.jpg */,
				F38BD93E1AEA477000D47D5A /* photo3.jpg */,
			);
			name = Controller;
			sourceTree = "<group>";
		};
		F305B2D61AE7F17A00ED7F73 /* Model */ = {
			isa = PBXGroup;
			children = (
				F305B2D71AE7F19400ED7F73 /* QFExperience.swift */,
				F305B2DB1AE7F5EF00ED7F73 /* QFExperienceManager.swift */,
				F305B2D91AE7F32800ED7F73 /* QFExperience.plist */,
				F305B2E71AE8F10F00ED7F73 /* UIDevice+ModelName.swift */,
			);
			name = Model;
			sourceTree = "<group>";
		};
		F305B2E91AE905AE00ED7F73 /* View */ = {
			isa = PBXGroup;
			children = (
				F305B2E51AE8979800ED7F73 /* QFTimeNodeLine.swift */,
				F305B2DD1AE7FD0200ED7F73 /* QFEexperienceTableViewCell.swift */,
				F305B2EA1AE905D800ED7F73 /* QFPieChart.swift */,
				F36C6E7D1AE93EB9004A8F43 /* QFSkillButton.swift */,
			);
			name = View;
			sourceTree = "<group>";
		};
		F36BBF121AE6218500257658 /* Extension */ = {
			isa = PBXGroup;
			children = (
				F3D75F991AE6095A00F5A66B /* UIColor+Ext.swift */,
				F36BBF131AE621AD00257658 /* Array+Ext.swift */,
				F305B2E31AE805E600ED7F73 /* CALayer+XibConfig.swift */,
			);
			name = Extension;
			sourceTree = "<group>";
		};
		F399D4B51AE5595C009A8507 = {
			isa = PBXGroup;
			children = (
				F399D4C01AE5595C009A8507 /* QiuFeng */,
				F399D4D61AE5595C009A8507 /* QiuFengTests */,
				F399D4BF1AE5595C009A8507 /* Products */,
				CC8F09710C14A88803D58922 /* Pods */,
				90EF3FF7AFFF31569038587B /* Frameworks */,
			);
			sourceTree = "<group>";
		};
		F399D4BF1AE5595C009A8507 /* Products */ = {
			isa = PBXGroup;
			children = (
				F399D4BE1AE5595C009A8507 /* QiuFeng.app */,
				F399D4D31AE5595C009A8507 /* QiuFengTests.xctest */,
			);
			name = Products;
			sourceTree = "<group>";
		};
		F399D4C01AE5595C009A8507 /* QiuFeng */ = {
			isa = PBXGroup;
			children = (
				F305B2E91AE905AE00ED7F73 /* View */,
				F305B2D61AE7F17A00ED7F73 /* Model */,
				F305B2D51AE7F16900ED7F73 /* Controller */,
				F36BBF121AE6218500257658 /* Extension */,
				F399D4C31AE5595C009A8507 /* AppDelegate.swift */,
				F399D4C71AE5595C009A8507 /* Main.storyboard */,
				F399D4CA1AE5595C009A8507 /* Images.xcassets */,
				F399D4E51AE5F276009A8507 /* QiuFeng-Bridging-Header.h */,
				F399D4C11AE5595C009A8507 /* Supporting Files */,
			);
			path = QiuFeng;
			sourceTree = "<group>";
		};
		F399D4C11AE5595C009A8507 /* Supporting Files */ = {
			isa = PBXGroup;
			children = (
				F399D4C21AE5595C009A8507 /* Info.plist */,
			);
			name = "Supporting Files";
			sourceTree = "<group>";
		};
		F399D4D61AE5595C009A8507 /* QiuFengTests */ = {
			isa = PBXGroup;
			children = (
				F399D4D91AE5595C009A8507 /* QiuFengTests.swift */,
				F399D4D71AE5595C009A8507 /* Supporting Files */,
			);
			path = QiuFengTests;
			sourceTree = "<group>";
		};
		F399D4D71AE5595C009A8507 /* Supporting Files */ = {
			isa = PBXGroup;
			children = (
				F399D4D81AE5595C009A8507 /* Info.plist */,
			);
			name = "Supporting Files";
			sourceTree = "<group>";
		};
/* End PBXGroup section */

/* Begin PBXNativeTarget section */
		F399D4BD1AE5595C009A8507 /* QiuFeng */ = {
			isa = PBXNativeTarget;
			buildConfigurationList = F399D4DD1AE5595C009A8507 /* Build configuration list for PBXNativeTarget "QiuFeng" */;
			buildPhases = (
				B893D8C21507AA0D9BF98A1D /* Check Pods Manifest.lock */,
				F399D4BA1AE5595C009A8507 /* Sources */,
				F399D4BB1AE5595C009A8507 /* Frameworks */,
				F399D4BC1AE5595C009A8507 /* Resources */,
				8DDFECB1B94A0B10683385D8 /* Copy Pods Resources */,
			);
			buildRules = (
			);
			dependencies = (
			);
			name = QiuFeng;
			productName = QiuFeng;
			productReference = F399D4BE1AE5595C009A8507 /* QiuFeng.app */;
			productType = "com.apple.product-type.application";
		};
		F399D4D21AE5595C009A8507 /* QiuFengTests */ = {
			isa = PBXNativeTarget;
			buildConfigurationList = F399D4E01AE5595C009A8507 /* Build configuration list for PBXNativeTarget "QiuFengTests" */;
			buildPhases = (
				F399D4CF1AE5595C009A8507 /* Sources */,
				F399D4D01AE5595C009A8507 /* Frameworks */,
				F399D4D11AE5595C009A8507 /* Resources */,
			);
			buildRules = (
			);
			dependencies = (
				F399D4D51AE5595C009A8507 /* PBXTargetDependency */,
			);
			name = QiuFengTests;
			productName = QiuFengTests;
			productReference = F399D4D31AE5595C009A8507 /* QiuFengTests.xctest */;
			productType = "com.apple.product-type.bundle.unit-test";
		};
/* End PBXNativeTarget section */

/* Begin PBXProject section */
		F399D4B61AE5595C009A8507 /* Project object */ = {
			isa = PBXProject;
			attributes = {
				LastUpgradeCheck = 0630;
				ORGANIZATIONNAME = TongjiUniversity;
				TargetAttributes = {
					F399D4BD1AE5595C009A8507 = {
						CreatedOnToolsVersion = 6.3;
					};
					F399D4D21AE5595C009A8507 = {
						CreatedOnToolsVersion = 6.3;
						TestTargetID = F399D4BD1AE5595C009A8507;
					};
				};
			};
			buildConfigurationList = F399D4B91AE5595C009A8507 /* Build configuration list for PBXProject "QiuFeng" */;
			compatibilityVersion = "Xcode 3.2";
			developmentRegion = English;
			hasScannedForEncodings = 0;
			knownRegions = (
				en,
				Base,
			);
			mainGroup = F399D4B51AE5595C009A8507;
			productRefGroup = F399D4BF1AE5595C009A8507 /* Products */;
			projectDirPath = "";
			projectRoot = "";
			targets = (
				F399D4BD1AE5595C009A8507 /* QiuFeng */,
				F399D4D21AE5595C009A8507 /* QiuFengTests */,
			);
		};
/* End PBXProject section */

/* Begin PBXResourcesBuildPhase section */
		F399D4BC1AE5595C009A8507 /* Resources */ = {
			isa = PBXResourcesBuildPhase;
			buildActionMask = 2147483647;
			files = (
				F38BD93F1AEA477000D47D5A /* photo0.jpg in Resources */,
				F399D4C91AE5595C009A8507 /* Main.storyboard in Resources */,
				F38BD9411AEA477000D47D5A /* photo2.jpg in Resources */,
				F38BD9401AEA477000D47D5A /* photo1.jpg in Resources */,
				F399D4CB1AE5595C009A8507 /* Images.xcassets in Resources */,
				F38BD9421AEA477000D47D5A /* photo3.jpg in Resources */,
				F305B2DA1AE7F32800ED7F73 /* QFExperience.plist in Resources */,
			);
			runOnlyForDeploymentPostprocessing = 0;
		};
		F399D4D11AE5595C009A8507 /* Resources */ = {
			isa = PBXResourcesBuildPhase;
			buildActionMask = 2147483647;
			files = (
			);
			runOnlyForDeploymentPostprocessing = 0;
		};
/* End PBXResourcesBuildPhase section */

/* Begin PBXShellScriptBuildPhase section */
		8DDFECB1B94A0B10683385D8 /* Copy Pods Resources */ = {
			isa = PBXShellScriptBuildPhase;
			buildActionMask = 2147483647;
			files = (
			);
			inputPaths = (
			);
			name = "Copy Pods Resources";
			outputPaths = (
			);
			runOnlyForDeploymentPostprocessing = 0;
			shellPath = /bin/sh;
			shellScript = "\"${SRCROOT}/Pods/Target Support Files/Pods/Pods-resources.sh\"\n";
			showEnvVarsInLog = 0;
		};
		B893D8C21507AA0D9BF98A1D /* Check Pods Manifest.lock */ = {
			isa = PBXShellScriptBuildPhase;
			buildActionMask = 2147483647;
			files = (
			);
			inputPaths = (
			);
			name = "Check Pods Manifest.lock";
			outputPaths = (
			);
			runOnlyForDeploymentPostprocessing = 0;
			shellPath = /bin/sh;
			shellScript = "diff \"${PODS_ROOT}/../Podfile.lock\" \"${PODS_ROOT}/Manifest.lock\" > /dev/null\nif [[ $? != 0 ]] ; then\n    cat << EOM\nerror: The sandbox is not in sync with the Podfile.lock. Run 'pod install' or update your CocoaPods installation.\nEOM\n    exit 1\nfi\n";
			showEnvVarsInLog = 0;
		};
/* End PBXShellScriptBuildPhase section */

/* Begin PBXSourcesBuildPhase section */
		F399D4BA1AE5595C009A8507 /* Sources */ = {
			isa = PBXSourcesBuildPhase;
			buildActionMask = 2147483647;
			files = (
				F3D75F9A1AE6095A00F5A66B /* UIColor+Ext.swift in Sources */,
				F36BBF1E1AE63FB200257658 /* QFPersonalViewController.swift in Sources */,
				F305B2DE1AE7FD0200ED7F73 /* QFEexperienceTableViewCell.swift in Sources */,
				F36BBF161AE6245600257658 /* QFProjectViewController.swift in Sources */,
				F36C6E7E1AE93EB9004A8F43 /* QFSkillButton.swift in Sources */,
				F36BBF1C1AE63F4A00257658 /* QFExperienceViewController.swift in Sources */,
				F36BBF141AE621AD00257658 /* Array+Ext.swift in Sources */,
				F399D4C41AE5595C009A8507 /* AppDelegate.swift in Sources */,
				F36BBF201AE642C700257658 /* QFDashboardPopAnimator.swift in Sources */,
				F305B2D81AE7F19400ED7F73 /* QFExperience.swift in Sources */,
				F36BBF1A1AE63EB400257658 /* QFSkillViewController.swift in Sources */,
				F36BBF181AE6369900257658 /* QFDashboardPushAnimator.swift in Sources */,
				F305B2E61AE8979800ED7F73 /* QFTimeNodeLine.swift in Sources */,
				F305B2DC1AE7F5EF00ED7F73 /* QFExperienceManager.swift in Sources */,
				F399D4EA1AE5F2C5009A8507 /* QFDashboardViewController.swift in Sources */,
				F305B2EB1AE905D800ED7F73 /* QFPieChart.swift in Sources */,
				F305B2E81AE8F10F00ED7F73 /* UIDevice+ModelName.swift in Sources */,
				F305B2E41AE805E600ED7F73 /* CALayer+XibConfig.swift in Sources */,
			);
			runOnlyForDeploymentPostprocessing = 0;
		};
		F399D4CF1AE5595C009A8507 /* Sources */ = {
			isa = PBXSourcesBuildPhase;
			buildActionMask = 2147483647;
			files = (
				F399D4DA1AE5595C009A8507 /* QiuFengTests.swift in Sources */,
			);
			runOnlyForDeploymentPostprocessing = 0;
		};
/* End PBXSourcesBuildPhase section */

/* Begin PBXTargetDependency section */
		F399D4D51AE5595C009A8507 /* PBXTargetDependency */ = {
			isa = PBXTargetDependency;
			target = F399D4BD1AE5595C009A8507 /* QiuFeng */;
			targetProxy = F399D4D41AE5595C009A8507 /* PBXContainerItemProxy */;
		};
/* End PBXTargetDependency section */

/* Begin PBXVariantGroup section */
		F399D4C71AE5595C009A8507 /* Main.storyboard */ = {
			isa = PBXVariantGroup;
			children = (
				F399D4C81AE5595C009A8507 /* Base */,
			);
			name = Main.storyboard;
			sourceTree = "<group>";
		};
/* End PBXVariantGroup section */

/* Begin XCBuildConfiguration section */
		F399D4DB1AE5595C009A8507 /* Debug */ = {
			isa = XCBuildConfiguration;
			buildSettings = {
				ALWAYS_SEARCH_USER_PATHS = NO;
				CLANG_CXX_LANGUAGE_STANDARD = "gnu++0x";
				CLANG_CXX_LIBRARY = "libc++";
				CLANG_ENABLE_MODULES = YES;
				CLANG_ENABLE_OBJC_ARC = YES;
				CLANG_WARN_BOOL_CONVERSION = YES;
				CLANG_WARN_CONSTANT_CONVERSION = YES;
				CLANG_WARN_DIRECT_OBJC_ISA_USAGE = YES_ERROR;
				CLANG_WARN_EMPTY_BODY = YES;
				CLANG_WARN_ENUM_CONVERSION = YES;
				CLANG_WARN_INT_CONVERSION = YES;
				CLANG_WARN_OBJC_ROOT_CLASS = YES_ERROR;
				CLANG_WARN_UNREACHABLE_CODE = YES;
				CLANG_WARN__DUPLICATE_METHOD_MATCH = YES;
				"CODE_SIGN_IDENTITY[sdk=iphoneos*]" = "iPhone Developer";
				COPY_PHASE_STRIP = NO;
				DEBUG_INFORMATION_FORMAT = "dwarf-with-dsym";
				ENABLE_STRICT_OBJC_MSGSEND = YES;
				GCC_C_LANGUAGE_STANDARD = gnu99;
				GCC_DYNAMIC_NO_PIC = NO;
				GCC_NO_COMMON_BLOCKS = YES;
				GCC_OPTIMIZATION_LEVEL = 0;
				GCC_PREPROCESSOR_DEFINITIONS = (
					"DEBUG=1",
					"$(inherited)",
				);
				GCC_SYMBOLS_PRIVATE_EXTERN = NO;
				GCC_WARN_64_TO_32_BIT_CONVERSION = YES;
				GCC_WARN_ABOUT_RETURN_TYPE = YES_ERROR;
				GCC_WARN_UNDECLARED_SELECTOR = YES;
				GCC_WARN_UNINITIALIZED_AUTOS = YES_AGGRESSIVE;
				GCC_WARN_UNUSED_FUNCTION = YES;
				GCC_WARN_UNUSED_VARIABLE = YES;
				IPHONEOS_DEPLOYMENT_TARGET = 8.3;
				MTL_ENABLE_DEBUG_INFO = YES;
				ONLY_ACTIVE_ARCH = YES;
				SDKROOT = iphoneos;
				SWIFT_OBJC_BRIDGING_HEADER = "";
				SWIFT_OPTIMIZATION_LEVEL = "-Onone";
			};
			name = Debug;
		};
		F399D4DC1AE5595C009A8507 /* Release */ = {
			isa = XCBuildConfiguration;
			buildSettings = {
				ALWAYS_SEARCH_USER_PATHS = NO;
				CLANG_CXX_LANGUAGE_STANDARD = "gnu++0x";
				CLANG_CXX_LIBRARY = "libc++";
				CLANG_ENABLE_MODULES = YES;
				CLANG_ENABLE_OBJC_ARC = YES;
				CLANG_WARN_BOOL_CONVERSION = YES;
				CLANG_WARN_CONSTANT_CONVERSION = YES;
				CLANG_WARN_DIRECT_OBJC_ISA_USAGE = YES_ERROR;
				CLANG_WARN_EMPTY_BODY = YES;
				CLANG_WARN_ENUM_CONVERSION = YES;
				CLANG_WARN_INT_CONVERSION = YES;
				CLANG_WARN_OBJC_ROOT_CLASS = YES_ERROR;
				CLANG_WARN_UNREACHABLE_CODE = YES;
				CLANG_WARN__DUPLICATE_METHOD_MATCH = YES;
				"CODE_SIGN_IDENTITY[sdk=iphoneos*]" = "iPhone Developer";
				COPY_PHASE_STRIP = NO;
				DEBUG_INFORMATION_FORMAT = "dwarf-with-dsym";
				ENABLE_NS_ASSERTIONS = NO;
				ENABLE_STRICT_OBJC_MSGSEND = YES;
				GCC_C_LANGUAGE_STANDARD = gnu99;
				GCC_NO_COMMON_BLOCKS = YES;
				GCC_WARN_64_TO_32_BIT_CONVERSION = YES;
				GCC_WARN_ABOUT_RETURN_TYPE = YES_ERROR;
				GCC_WARN_UNDECLARED_SELECTOR = YES;
				GCC_WARN_UNINITIALIZED_AUTOS = YES_AGGRESSIVE;
				GCC_WARN_UNUSED_FUNCTION = YES;
				GCC_WARN_UNUSED_VARIABLE = YES;
				IPHONEOS_DEPLOYMENT_TARGET = 8.3;
				MTL_ENABLE_DEBUG_INFO = NO;
				SDKROOT = iphoneos;
				SWIFT_OBJC_BRIDGING_HEADER = "";
				VALIDATE_PRODUCT = YES;
			};
			name = Release;
		};
		F399D4DE1AE5595C009A8507 /* Debug */ = {
			isa = XCBuildConfiguration;
			baseConfigurationReference = AB617EDBF0D47A077333D641 /* Pods.debug.xcconfig */;
			buildSettings = {
				ASSETCATALOG_COMPILER_APPICON_NAME = AppIcon;
				ASSETCATALOG_COMPILER_LAUNCHIMAGE_NAME = LaunchImage;
				CLANG_ENABLE_MODULES = YES;
				INFOPLIST_FILE = QiuFeng/Info.plist;
				IPHONEOS_DEPLOYMENT_TARGET = 8.0;
				LD_RUNPATH_SEARCH_PATHS = "$(inherited) @executable_path/Frameworks";
				PRODUCT_NAME = "$(TARGET_NAME)";
				SWIFT_OBJC_BRIDGING_HEADER = "QiuFeng/QiuFeng-Bridging-Header.h";
				SWIFT_OPTIMIZATION_LEVEL = "-Onone";
			};
			name = Debug;
		};
		F399D4DF1AE5595C009A8507 /* Release */ = {
			isa = XCBuildConfiguration;
			baseConfigurationReference = B25E6E0EC6862D0B70F83EBC /* Pods.release.xcconfig */;
			buildSettings = {
				ASSETCATALOG_COMPILER_APPICON_NAME = AppIcon;
				ASSETCATALOG_COMPILER_LAUNCHIMAGE_NAME = LaunchImage;
				CLANG_ENABLE_MODULES = YES;
				INFOPLIST_FILE = QiuFeng/Info.plist;
				IPHONEOS_DEPLOYMENT_TARGET = 8.0;
				LD_RUNPATH_SEARCH_PATHS = "$(inherited) @executable_path/Frameworks";
				PRODUCT_NAME = "$(TARGET_NAME)";
				SWIFT_OBJC_BRIDGING_HEADER = "QiuFeng/QiuFeng-Bridging-Header.h";
			};
			name = Release;
		};
		F399D4E11AE5595C009A8507 /* Debug */ = {
			isa = XCBuildConfiguration;
			buildSettings = {
				BUNDLE_LOADER = "$(TEST_HOST)";
				FRAMEWORK_SEARCH_PATHS = (
					"$(SDKROOT)/Developer/Library/Frameworks",
					"$(inherited)",
				);
				GCC_PREPROCESSOR_DEFINITIONS = (
					"DEBUG=1",
					"$(inherited)",
				);
				INFOPLIST_FILE = QiuFengTests/Info.plist;
				IPHONEOS_DEPLOYMENT_TARGET = 8.0;
				LD_RUNPATH_SEARCH_PATHS = "$(inherited) @executable_path/Frameworks @loader_path/Frameworks";
				PRODUCT_NAME = "$(TARGET_NAME)";
				TEST_HOST = "$(BUILT_PRODUCTS_DIR)/QiuFeng.app/QiuFeng";
			};
			name = Debug;
		};
		F399D4E21AE5595C009A8507 /* Release */ = {
			isa = XCBuildConfiguration;
			buildSettings = {
				BUNDLE_LOADER = "$(TEST_HOST)";
				FRAMEWORK_SEARCH_PATHS = (
					"$(SDKROOT)/Developer/Library/Frameworks",
					"$(inherited)",
				);
				INFOPLIST_FILE = QiuFengTests/Info.plist;
				IPHONEOS_DEPLOYMENT_TARGET = 8.0;
				LD_RUNPATH_SEARCH_PATHS = "$(inherited) @executable_path/Frameworks @loader_path/Frameworks";
				PRODUCT_NAME = "$(TARGET_NAME)";
				TEST_HOST = "$(BUILT_PRODUCTS_DIR)/QiuFeng.app/QiuFeng";
			};
			name = Release;
		};
/* End XCBuildConfiguration section */

/* Begin XCConfigurationList section */
		F399D4B91AE5595C009A8507 /* Build configuration list for PBXProject "QiuFeng" */ = {
			isa = XCConfigurationList;
			buildConfigurations = (
				F399D4DB1AE5595C009A8507 /* Debug */,
				F399D4DC1AE5595C009A8507 /* Release */,
			);
			defaultConfigurationIsVisible = 0;
			defaultConfigurationName = Release;
		};
		F399D4DD1AE5595C009A8507 /* Build configuration list for PBXNativeTarget "QiuFeng" */ = {
			isa = XCConfigurationList;
			buildConfigurations = (
				F399D4DE1AE5595C009A8507 /* Debug */,
				F399D4DF1AE5595C009A8507 /* Release */,
			);
			defaultConfigurationIsVisible = 0;
			defaultConfigurationName = Release;
		};
		F399D4E01AE5595C009A8507 /* Build configuration list for PBXNativeTarget "QiuFengTests" */ = {
			isa = XCConfigurationList;
			buildConfigurations = (
				F399D4E11AE5595C009A8507 /* Debug */,
				F399D4E21AE5595C009A8507 /* Release */,
			);
			defaultConfigurationIsVisible = 0;
			defaultConfigurationName = Release;
		};
/* End XCConfigurationList section */
	};
	rootObject = F399D4B61AE5595C009A8507 /* Project object */;
}
